
Microsoft Visual Studio Solution File, Format Version 12.00
# Visual Studio Version 16
VisualStudioVersion = 16.0.34729.46
MinimumVisualStudioVersion = 10.0.40219.1
Project("{9A19103F-16F7-4668-BE54-9A1E7A4F7556}") = "SensitiveWords.Api", "SensitiveWords.Api\SensitiveWords.Api.csproj", "{BFC35740-3645-4BC3-B71D-20DA22AF0814}"
EndProject
Project("{9A19103F-16F7-4668-BE54-9A1E7A4F7556}") = "SensitiveWords.Web", "SensitiveWords.Web\SensitiveWords.Web.csproj", "{FB3AA709-CB6A-4CED-99EE-35A4545F3B45}"
EndProject
Global
	GlobalSection(SolutionConfigurationPlatforms) = preSolution
		Debug|Any CPU = Debug|Any CPU
		Release|Any CPU = Release|Any CPU
	EndGlobalSection
	GlobalSection(ProjectConfigurationPlatforms) = postSolution
		{BFC35740-3645-4BC3-B71D-20DA22AF0814}.Debug|Any CPU.ActiveCfg = Debug|Any CPU
		{BFC35740-3645-4BC3-B71D-20DA22AF0814}.Debug|Any CPU.Build.0 = Debug|Any CPU
		{BFC35740-3645-4BC3-B71D-20DA22AF0814}.Release|Any CPU.ActiveCfg = Release|Any CPU
		{BFC35740-3645-4BC3-B71D-20DA22AF0814}.Release|Any CPU.Build.0 = Release|Any CPU
		{FB3AA709-CB6A-4CED-99EE-35A4545F3B45}.Debug|Any CPU.ActiveCfg = Debug|Any CPU
		{FB3AA709-CB6A-4CED-99EE-35A4545F3B45}.Debug|Any CPU.Build.0 = Debug|Any CPU
		{FB3AA709-CB6A-4CED-99EE-35A4545F3B45}.Release|Any CPU.ActiveCfg = Release|Any CPU
		{FB3AA709-CB6A-4CED-99EE-35A4545F3B45}.Release|Any CPU.Build.0 = Release|Any CPU
	EndGlobalSection
	GlobalSection(SolutionProperties) = preSolution
		HideSolutionNode = FALSE
	EndGlobalSection
	GlobalSection(ExtensibilityGlobals) = postSolution
		SolutionGuid = {30B87326-2C06-4C5B-AF23-5E1926D980C2}
	EndGlobalSection
EndGlobal
